
Microsoft Visual Studio Solution File, Format Version 12.00
# Visual Studio Version 17
VisualStudioVersion = 17.10.34916.146
MinimumVisualStudioVersion = 10.0.40219.1
Project("{FAE04EC0-301F-11D3-BF4B-00C04F79EFBC}") = "Nameless.MoviesNight", "Nameless.MoviesNight\Nameless.MoviesNight.csproj", "{5A656A1C-6294-4165-AF30-93EAD6164A52}"
EndProject
Global
	GlobalSection(SolutionConfigurationPlatforms) = preSolution
		Debug|Any CPU = Debug|Any CPU
		Release|Any CPU = Release|Any CPU
	EndGlobalSection
	GlobalSection(ProjectConfigurationPlatforms) = postSolution
		{5A656A1C-6294-4165-AF30-93EAD6164A52}.Debug|Any CPU.ActiveCfg = Debug|Any CPU
		{5A656A1C-6294-4165-AF30-93EAD6164A52}.Debug|Any CPU.Build.0 = Debug|Any CPU
		{5A656A1C-6294-4165-AF30-93EAD6164A52}.Release|Any CPU.ActiveCfg = Release|Any CPU
		{5A656A1C-6294-4165-AF30-93EAD6164A52}.Release|Any CPU.Build.0 = Release|Any CPU
	EndGlobalSection
	GlobalSection(SolutionProperties) = preSolution
		HideSolutionNode = FALSE
	EndGlobalSection
	GlobalSection(ExtensibilityGlobals) = postSolution
		SolutionGuid = {DC46182E-B8D6-4DE5-AF9F-2B0E01F00219}
	EndGlobalSection
EndGlobal
